
Microsoft Visual Studio Solution File, Format Version 12.00
# Visual Studio Version 16
VisualStudioVersion = 16.0.29613.14
MinimumVisualStudioVersion = 10.0.40219.1
Project("{FAE04EC0-301F-11D3-BF4B-00C04F79EFBC}") = "QuickReplyTools", "QuickReplyTools\QuickReplyTools.csproj", "{1B58117A-1940-482F-8141-5DD502F94FD2}"
EndProject
Global
	GlobalSection(SolutionConfigurationPlatforms) = preSolution
		Debug|Any CPU = Debug|Any CPU
		Release|Any CPU = Release|Any CPU
	EndGlobalSection
	GlobalSection(ProjectConfigurationPlatforms) = postSolution
		{1B58117A-1940-482F-8141-5DD502F94FD2}.Debug|Any CPU.ActiveCfg = Debug|Any CPU
		{1B58117A-1940-482F-8141-5DD502F94FD2}.Debug|Any CPU.Build.0 = Debug|Any CPU
		{1B58117A-1940-482F-8141-5DD502F94FD2}.Release|Any CPU.ActiveCfg = Release|Any CPU
		{1B58117A-1940-482F-8141-5DD502F94FD2}.Release|Any CPU.Build.0 = Release|Any CPU
	EndGlobalSection
	GlobalSection(SolutionProperties) = preSolution
		HideSolutionNode = FALSE
	EndGlobalSection
	GlobalSection(ExtensibilityGlobals) = postSolution
		SolutionGuid = {24AEE9D2-925B-480F-A70B-CABB68091821}
	EndGlobalSection
EndGlobal
